{
  "meteor": {},
  "dependencies": {
    "basePackages": {
      "iron-router": {},
      "spin": {},
      "accounts-ui-bootstrap-3": {},
      "bootstrap-3": {},
      "collectionFS": {}
    },
    "packages": {
      "iron-router": {
        "git": "https://github.com/EventedMind/iron-router.git",
        "tag": "v0.7.1",
        "commit": "d1ffb3f06ea4c112132b030f2eb1a70b81675ecb"
      },
      "spin": {
        "git": "https://github.com/SachaG/meteor-spin.git",
        "tag": "v0.2.2",
        "commit": "3f655f0016228e4195acc784c45d3e3a247dc39f"
      },
      "accounts-ui-bootstrap-3": {
        "git": "https://github.com/mangasocial/meteor-accounts-ui-bootstrap-3.git",
        "tag": "v0.3.0-1",
        "commit": "93ffa5d0e325dc7026de89f6d90c178fa04bdd3a"
      },
      "bootstrap-3": {
        "git": "https://github.com/mangasocial/meteor-bootstrap-3.git",
        "tag": "v3.1.1-1",
        "commit": "63dd38968828bb8963636df93e9a1c45e2dfe67e"
      },
      "collectionFS": {
        "git": "https://github.com/CollectionFS/Meteor-CollectionFS.git",
        "tag": "v0.4.8",
        "commit": "fea890b1e27799ccc9f71046748fb23a84330a16"
      },
      "blaze-layout": {
        "git": "https://github.com/EventedMind/blaze-layout.git",
        "tag": "v0.2.4",
        "commit": "b40e9b0612329288d75cf52ad14a7da64bb8618f"
      },
      "cfs-base-package": {
        "git": "https://github.com/CollectionFS/Meteor-cfs-base-package.git",
        "tag": "v0.0.23",
        "commit": "82bc49b4b8f66572b5551098e674e3a3b6c42ea3"
      },
      "cfs-file": {
        "git": "https://github.com/CollectionFS/Meteor-cfs-file.git",
        "tag": "v0.1.3",
        "commit": "d9ba95d58ec9d5de021972a515495b74fe7672f1"
      },
      "cfs-collection": {
        "git": "https://github.com/CollectionFS/Meteor-cfs-collection.git",
        "tag": "v0.4.9",
        "commit": "5c18e0bd8d8c7884f5f3fac6a19e2e587945fe1c"
      },
      "cfs-collection-filters": {
        "git": "https://github.com/CollectionFS/Meteor-cfs-collection-filters.git",
        "tag": "v0.1.1",
        "commit": "447134421887fcf20bd78c88d8c0913256f76db1"
      },
      "cfs-access-point": {
        "git": "https://github.com/CollectionFS/Meteor-cfs-access-point.git",
        "tag": "v0.0.30",
        "commit": "a1a02ef8d145aae414bf9fe483f5944a24e35bf5"
      },
      "cfs-worker": {
        "git": "https://github.com/CollectionFS/Meteor-cfs-worker.git",
        "tag": "v0.0.16",
        "commit": "172abbf679a9c9ce65d5cac7b51f23967aff94f7"
      },
      "cfs-upload-http": {
        "git": "https://github.com/CollectionFS/Meteor-cfs-upload-http.git",
        "tag": "v0.0.12",
        "commit": "774bf581e0f3da269dc842672ed6c2da09fd2bdf"
      },
      "cfs-filesaver": {
        "git": "https://github.com/CollectionFS/Meteor-cfs-filesaver.git",
        "tag": "v0.0.3",
        "commit": "29cd7ae4dab138aa5e3792485945e742c46fc330"
      },
      "cfs-storage-adapter": {
        "git": "https://github.com/CollectionFS/Meteor-cfs-storage-adapter.git",
        "tag": "v0.0.24",
        "commit": "36b9f916f9b3b3de233e10eacd82e98bb9cbf30f"
      },
      "http-methods": {
        "git": "https://github.com/CollectionFS/Meteor-http-methods.git",
        "tag": "v0.0.22",
        "commit": "5b0f7723f49436b8a0a930f284ed05f0b26021fe"
      },
      "numeral": {
        "git": "https://github.com/vsivsi/meteor-numeral.git",
        "tag": "v1.5.3",
        "commit": "bdc97fc69bee7dadae1fc0f97fa6d9d76a03e73d"
      },
      "data-man": {
        "git": "https://github.com/CollectionFS/Meteor-data-man.git",
        "branch": "master",
        "commit": "eba0055619be2b5dfd7af6b4e946dc6fe393a040"
      },
      "cfs-upload-ddp": {
        "git": "https://github.com/CollectionFS/Meteor-cfs-upload-ddp.git",
        "tag": "v0.0.10",
        "commit": "17caf4f38462017c9545d2187020a7f4596e8c4f"
      },
      "http-publish": {
        "git": "https://github.com/CollectionFS/Meteor-http-publish.git",
        "tag": "v0.0.10",
        "commit": "f308999d074a3c4c056a88c431be04cead93228b"
      },
      "cfs-gridfs": {
        "git": "https://github.com/CollectionFS/Meteor-cfs-gridfs.git",
        "tag": "v0.0.20",
        "commit": "74bbb595eb1269b54fbb6ba482893aca306875f1"
      },
      "cfs-tempstore": {
        "git": "https://github.com/CollectionFS/Meteor-cfs-tempstore.git",
        "tag": "v0.0.26",
        "commit": "0b95e286b94754ca317b968a4d818cc65913dd72"
      },
      "power-queue": {
        "git": "https://github.com/CollectionFS/Meteor-power-queue.git",
        "tag": "v0.9.9",
        "commit": "567d3905784a8be6aacfbb69d477003ba9b5c4b5"
      },
      "reactive-list": {
        "git": "https://github.com/CollectionFS/Meteor-reactive-list.git",
        "tag": "v0.0.7",
        "commit": "5855e3795947145b20a331250113ce927060445b"
      },
      "cfs-graphicsmagick": {
        "git": "https://github.com/CollectionFS/Meteor-cfs-graphicsmagick.git",
        "tag": "v0.0.12",
        "commit": "3ab945c2018aad2316eabf85ac1814e76a8ed627"
      },
      "cfs-ejson-file": {
        "git": "https://github.com/CollectionFS/Meteor-cfs-ejson-file.git",
        "tag": "v0.0.7",
        "commit": "aa80b46e73f3c9dcfec75106d1078b56be475bd7"
      },
      "cfs-filesystem": {
        "git": "https://github.com/CollectionFS/Meteor-cfs-filesystem.git",
        "tag": "v0.0.24",
        "commit": "ddce100402132384225811d6986ff4364df756c4"
      },
      "reactive-property": {
        "git": "https://github.com/CollectionFS/Meteor-reactive-property.git",
        "tag": "v0.0.1",
        "commit": "f742b8656bb88fafff2a9c3a32ff1f97b3ebf2f7"
      },
      "micro-queue": {
        "git": "https://github.com/CollectionFS/Meteor-micro-queue.git",
        "tag": "v0.0.3",
        "commit": "70266ce2c273a12c5af17b5c056253936caabb01"
      }
    }
  }
}
